
Microsoft Visual Studio Solution File, Format Version 12.00
# Visual Studio Version 17
VisualStudioVersion = 17.2.32526.322
MinimumVisualStudioVersion = 10.0.40219.1
Project("{2150E333-8FDC-42A3-9474-1A3956D46DE8}") = "Code", "Code", "{40F9D829-EB65-4A51-87E4-9E5759A99383}"
EndProject
Project("{2150E333-8FDC-42A3-9474-1A3956D46DE8}") = "Core", "Core", "{ECC2C9E2-70F0-4BC7-88A3-8C0F6144F139}"
EndProject
Project("{2150E333-8FDC-42A3-9474-1A3956D46DE8}") = "Infrastructure", "Infrastructure", "{31592327-B291-4B29-9B23-8FBB7732CF7D}"
EndProject
Project("{2150E333-8FDC-42A3-9474-1A3956D46DE8}") = "Presentation", "Presentation", "{1E832453-8C9D-4422-AEAE-A39EACF01BC3}"
EndProject
Project("{2150E333-8FDC-42A3-9474-1A3956D46DE8}") = "WebApp", "WebApp", "{5D8BDFA2-92E4-4F93-BAB9-F8AF5ABBEC05}"
EndProject
Project("{2150E333-8FDC-42A3-9474-1A3956D46DE8}") = "WebApi", "WebApi", "{73539EE8-5F68-4B9E-BDF3-5590D542B985}"
EndProject
Project("{9A19103F-16F7-4668-BE54-9A1E7A4F7556}") = "WebApp.RealState", "WebApp.RealState\WebApp.RealState.csproj", "{DB5DE1D4-216B-45D3-A2B4-C94D7DE78089}"
EndProject
Project("{9A19103F-16F7-4668-BE54-9A1E7A4F7556}") = "WebApi.RealState", "WebApi.RealState\WebApi.RealState.csproj", "{CB5E7142-ADD1-4E68-AA9F-52F9A9D78C9F}"
EndProject
Project("{9A19103F-16F7-4668-BE54-9A1E7A4F7556}") = "Core.Application", "Core.Application\Core.Application.csproj", "{5442874E-3D19-4E3B-AE13-D0F30B1EB925}"
EndProject
Project("{9A19103F-16F7-4668-BE54-9A1E7A4F7556}") = "Core.Domain", "Core.Domain\Core.Domain.csproj", "{A4A7D556-F2D8-40FC-96F2-F7F6E199EA61}"
EndProject
Project("{9A19103F-16F7-4668-BE54-9A1E7A4F7556}") = "Infrastructure.Persistence", "Infrastructure.Persistence\Infrastructure.Persistence.csproj", "{3CC68EC4-E214-4AF9-A536-F6F6A6461AD7}"
EndProject
Project("{9A19103F-16F7-4668-BE54-9A1E7A4F7556}") = "Infrastructure.Identity", "Infrastructure.Identity\Infrastructure.Identity.csproj", "{2E509323-CD23-41F0-BD44-C57376AF3B91}"
EndProject
Project("{9A19103F-16F7-4668-BE54-9A1E7A4F7556}") = "Infrastructure.Shared", "Infrastructure.Email\Infrastructure.Shared.csproj", "{A9B02EE6-F180-4A2E-B665-F189EC57C461}"
EndProject
Global
	GlobalSection(SolutionConfigurationPlatforms) = preSolution
		Debug|Any CPU = Debug|Any CPU
		Release|Any CPU = Release|Any CPU
	EndGlobalSection
	GlobalSection(ProjectConfigurationPlatforms) = postSolution
		{DB5DE1D4-216B-45D3-A2B4-C94D7DE78089}.Debug|Any CPU.ActiveCfg = Debug|Any CPU
		{DB5DE1D4-216B-45D3-A2B4-C94D7DE78089}.Debug|Any CPU.Build.0 = Debug|Any CPU
		{DB5DE1D4-216B-45D3-A2B4-C94D7DE78089}.Release|Any CPU.ActiveCfg = Release|Any CPU
		{DB5DE1D4-216B-45D3-A2B4-C94D7DE78089}.Release|Any CPU.Build.0 = Release|Any CPU
		{CB5E7142-ADD1-4E68-AA9F-52F9A9D78C9F}.Debug|Any CPU.ActiveCfg = Debug|Any CPU
		{CB5E7142-ADD1-4E68-AA9F-52F9A9D78C9F}.Debug|Any CPU.Build.0 = Debug|Any CPU
		{CB5E7142-ADD1-4E68-AA9F-52F9A9D78C9F}.Release|Any CPU.ActiveCfg = Release|Any CPU
		{CB5E7142-ADD1-4E68-AA9F-52F9A9D78C9F}.Release|Any CPU.Build.0 = Release|Any CPU
		{5442874E-3D19-4E3B-AE13-D0F30B1EB925}.Debug|Any CPU.ActiveCfg = Debug|Any CPU
		{5442874E-3D19-4E3B-AE13-D0F30B1EB925}.Debug|Any CPU.Build.0 = Debug|Any CPU
		{5442874E-3D19-4E3B-AE13-D0F30B1EB925}.Release|Any CPU.ActiveCfg = Release|Any CPU
		{5442874E-3D19-4E3B-AE13-D0F30B1EB925}.Release|Any CPU.Build.0 = Release|Any CPU
		{A4A7D556-F2D8-40FC-96F2-F7F6E199EA61}.Debug|Any CPU.ActiveCfg = Debug|Any CPU
		{A4A7D556-F2D8-40FC-96F2-F7F6E199EA61}.Debug|Any CPU.Build.0 = Debug|Any CPU
		{A4A7D556-F2D8-40FC-96F2-F7F6E199EA61}.Release|Any CPU.ActiveCfg = Release|Any CPU
		{A4A7D556-F2D8-40FC-96F2-F7F6E199EA61}.Release|Any CPU.Build.0 = Release|Any CPU
		{3CC68EC4-E214-4AF9-A536-F6F6A6461AD7}.Debug|Any CPU.ActiveCfg = Debug|Any CPU
		{3CC68EC4-E214-4AF9-A536-F6F6A6461AD7}.Debug|Any CPU.Build.0 = Debug|Any CPU
		{3CC68EC4-E214-4AF9-A536-F6F6A6461AD7}.Release|Any CPU.ActiveCfg = Release|Any CPU
		{3CC68EC4-E214-4AF9-A536-F6F6A6461AD7}.Release|Any CPU.Build.0 = Release|Any CPU
		{2E509323-CD23-41F0-BD44-C57376AF3B91}.Debug|Any CPU.ActiveCfg = Debug|Any CPU
		{2E509323-CD23-41F0-BD44-C57376AF3B91}.Debug|Any CPU.Build.0 = Debug|Any CPU
		{2E509323-CD23-41F0-BD44-C57376AF3B91}.Release|Any CPU.ActiveCfg = Release|Any CPU
		{2E509323-CD23-41F0-BD44-C57376AF3B91}.Release|Any CPU.Build.0 = Release|Any CPU
		{A9B02EE6-F180-4A2E-B665-F189EC57C461}.Debug|Any CPU.ActiveCfg = Debug|Any CPU
		{A9B02EE6-F180-4A2E-B665-F189EC57C461}.Debug|Any CPU.Build.0 = Debug|Any CPU
		{A9B02EE6-F180-4A2E-B665-F189EC57C461}.Release|Any CPU.ActiveCfg = Release|Any CPU
		{A9B02EE6-F180-4A2E-B665-F189EC57C461}.Release|Any CPU.Build.0 = Release|Any CPU
	EndGlobalSection
	GlobalSection(SolutionProperties) = preSolution
		HideSolutionNode = FALSE
	EndGlobalSection
	GlobalSection(NestedProjects) = preSolution
		{ECC2C9E2-70F0-4BC7-88A3-8C0F6144F139} = {40F9D829-EB65-4A51-87E4-9E5759A99383}
		{31592327-B291-4B29-9B23-8FBB7732CF7D} = {40F9D829-EB65-4A51-87E4-9E5759A99383}
		{1E832453-8C9D-4422-AEAE-A39EACF01BC3} = {40F9D829-EB65-4A51-87E4-9E5759A99383}
		{5D8BDFA2-92E4-4F93-BAB9-F8AF5ABBEC05} = {1E832453-8C9D-4422-AEAE-A39EACF01BC3}
		{73539EE8-5F68-4B9E-BDF3-5590D542B985} = {1E832453-8C9D-4422-AEAE-A39EACF01BC3}
		{DB5DE1D4-216B-45D3-A2B4-C94D7DE78089} = {5D8BDFA2-92E4-4F93-BAB9-F8AF5ABBEC05}
		{CB5E7142-ADD1-4E68-AA9F-52F9A9D78C9F} = {73539EE8-5F68-4B9E-BDF3-5590D542B985}
		{5442874E-3D19-4E3B-AE13-D0F30B1EB925} = {ECC2C9E2-70F0-4BC7-88A3-8C0F6144F139}
		{A4A7D556-F2D8-40FC-96F2-F7F6E199EA61} = {ECC2C9E2-70F0-4BC7-88A3-8C0F6144F139}
		{3CC68EC4-E214-4AF9-A536-F6F6A6461AD7} = {31592327-B291-4B29-9B23-8FBB7732CF7D}
		{2E509323-CD23-41F0-BD44-C57376AF3B91} = {31592327-B291-4B29-9B23-8FBB7732CF7D}
		{A9B02EE6-F180-4A2E-B665-F189EC57C461} = {31592327-B291-4B29-9B23-8FBB7732CF7D}
	EndGlobalSection
	GlobalSection(ExtensibilityGlobals) = postSolution
		SolutionGuid = {7BD13DDD-6865-46EF-9027-62AC436D855F}
	EndGlobalSection
EndGlobal
